
Microsoft Visual Studio Solution File, Format Version 12.00
# Visual Studio 2012
Project("{FAE04EC0-301F-11D3-BF4B-00C04F79EFBC}") = "MtgLifeCounter", "MtgLifeCounter\MtgLifeCounter.csproj", "{9C132959-3613-45AA-B022-BDE4633AFC34}"
EndProject
Project("{2150E333-8FDC-42A3-9474-1A3956D46DE8}") = "References", "References", "{FEE6846B-B564-4F10-9DFC-196D15AEBC11}"
EndProject
Project("{FAE04EC0-301F-11D3-BF4B-00C04F79EFBC}") = "DI", "DI\DI.csproj", "{D7EED05C-666C-4B32-A37A-7AECEC6C6ACA}"
EndProject
Project("{FAE04EC0-301F-11D3-BF4B-00C04F79EFBC}") = "MVVM", "MVVM\MVVM.csproj", "{A53F3B75-90C8-449E-9CE7-CDC755EFF868}"
EndProject
Project("{FAE04EC0-301F-11D3-BF4B-00C04F79EFBC}") = "WinRTUtil", "WinRTUtil\WinRTUtil.csproj", "{58003B28-C2AA-47F7-8BFF-E9E26BA00EE5}"
EndProject
Global
	GlobalSection(SolutionConfigurationPlatforms) = preSolution
		Debug|Any CPU = Debug|Any CPU
		Debug|ARM = Debug|ARM
		Debug|x64 = Debug|x64
		Debug|x86 = Debug|x86
		Release|Any CPU = Release|Any CPU
		Release|ARM = Release|ARM
		Release|x64 = Release|x64
		Release|x86 = Release|x86
	EndGlobalSection
	GlobalSection(ProjectConfigurationPlatforms) = postSolution
		{9C132959-3613-45AA-B022-BDE4633AFC34}.Debug|Any CPU.ActiveCfg = Debug|Any CPU
		{9C132959-3613-45AA-B022-BDE4633AFC34}.Debug|Any CPU.Build.0 = Debug|Any CPU
		{9C132959-3613-45AA-B022-BDE4633AFC34}.Debug|Any CPU.Deploy.0 = Debug|Any CPU
		{9C132959-3613-45AA-B022-BDE4633AFC34}.Debug|ARM.ActiveCfg = Debug|ARM
		{9C132959-3613-45AA-B022-BDE4633AFC34}.Debug|ARM.Build.0 = Debug|ARM
		{9C132959-3613-45AA-B022-BDE4633AFC34}.Debug|ARM.Deploy.0 = Debug|ARM
		{9C132959-3613-45AA-B022-BDE4633AFC34}.Debug|x64.ActiveCfg = Debug|x64
		{9C132959-3613-45AA-B022-BDE4633AFC34}.Debug|x64.Build.0 = Debug|x64
		{9C132959-3613-45AA-B022-BDE4633AFC34}.Debug|x64.Deploy.0 = Debug|x64
		{9C132959-3613-45AA-B022-BDE4633AFC34}.Debug|x86.ActiveCfg = Debug|x86
		{9C132959-3613-45AA-B022-BDE4633AFC34}.Debug|x86.Build.0 = Debug|x86
		{9C132959-3613-45AA-B022-BDE4633AFC34}.Debug|x86.Deploy.0 = Debug|x86
		{9C132959-3613-45AA-B022-BDE4633AFC34}.Release|Any CPU.ActiveCfg = Release|Any CPU
		{9C132959-3613-45AA-B022-BDE4633AFC34}.Release|Any CPU.Build.0 = Release|Any CPU
		{9C132959-3613-45AA-B022-BDE4633AFC34}.Release|Any CPU.Deploy.0 = Release|Any CPU
		{9C132959-3613-45AA-B022-BDE4633AFC34}.Release|ARM.ActiveCfg = Release|ARM
		{9C132959-3613-45AA-B022-BDE4633AFC34}.Release|ARM.Build.0 = Release|ARM
		{9C132959-3613-45AA-B022-BDE4633AFC34}.Release|ARM.Deploy.0 = Release|ARM
		{9C132959-3613-45AA-B022-BDE4633AFC34}.Release|x64.ActiveCfg = Release|x64
		{9C132959-3613-45AA-B022-BDE4633AFC34}.Release|x64.Build.0 = Release|x64
		{9C132959-3613-45AA-B022-BDE4633AFC34}.Release|x64.Deploy.0 = Release|x64
		{9C132959-3613-45AA-B022-BDE4633AFC34}.Release|x86.ActiveCfg = Release|x86
		{9C132959-3613-45AA-B022-BDE4633AFC34}.Release|x86.Build.0 = Release|x86
		{9C132959-3613-45AA-B022-BDE4633AFC34}.Release|x86.Deploy.0 = Release|x86
		{D7EED05C-666C-4B32-A37A-7AECEC6C6ACA}.Debug|Any CPU.ActiveCfg = Debug|Any CPU
		{D7EED05C-666C-4B32-A37A-7AECEC6C6ACA}.Debug|Any CPU.Build.0 = Debug|Any CPU
		{D7EED05C-666C-4B32-A37A-7AECEC6C6ACA}.Debug|ARM.ActiveCfg = Debug|Any CPU
		{D7EED05C-666C-4B32-A37A-7AECEC6C6ACA}.Debug|x64.ActiveCfg = Debug|Any CPU
		{D7EED05C-666C-4B32-A37A-7AECEC6C6ACA}.Debug|x86.ActiveCfg = Debug|Any CPU
		{D7EED05C-666C-4B32-A37A-7AECEC6C6ACA}.Release|Any CPU.ActiveCfg = Release|Any CPU
		{D7EED05C-666C-4B32-A37A-7AECEC6C6ACA}.Release|Any CPU.Build.0 = Release|Any CPU
		{D7EED05C-666C-4B32-A37A-7AECEC6C6ACA}.Release|ARM.ActiveCfg = Release|Any CPU
		{D7EED05C-666C-4B32-A37A-7AECEC6C6ACA}.Release|x64.ActiveCfg = Release|Any CPU
		{D7EED05C-666C-4B32-A37A-7AECEC6C6ACA}.Release|x86.ActiveCfg = Release|Any CPU
		{A53F3B75-90C8-449E-9CE7-CDC755EFF868}.Debug|Any CPU.ActiveCfg = Debug|Any CPU
		{A53F3B75-90C8-449E-9CE7-CDC755EFF868}.Debug|Any CPU.Build.0 = Debug|Any CPU
		{A53F3B75-90C8-449E-9CE7-CDC755EFF868}.Debug|ARM.ActiveCfg = Debug|Any CPU
		{A53F3B75-90C8-449E-9CE7-CDC755EFF868}.Debug|x64.ActiveCfg = Debug|Any CPU
		{A53F3B75-90C8-449E-9CE7-CDC755EFF868}.Debug|x86.ActiveCfg = Debug|Any CPU
		{A53F3B75-90C8-449E-9CE7-CDC755EFF868}.Release|Any CPU.ActiveCfg = Release|Any CPU
		{A53F3B75-90C8-449E-9CE7-CDC755EFF868}.Release|Any CPU.Build.0 = Release|Any CPU
		{A53F3B75-90C8-449E-9CE7-CDC755EFF868}.Release|ARM.ActiveCfg = Release|Any CPU
		{A53F3B75-90C8-449E-9CE7-CDC755EFF868}.Release|x64.ActiveCfg = Release|Any CPU
		{A53F3B75-90C8-449E-9CE7-CDC755EFF868}.Release|x86.ActiveCfg = Release|Any CPU
		{58003B28-C2AA-47F7-8BFF-E9E26BA00EE5}.Debug|Any CPU.ActiveCfg = Debug|Any CPU
		{58003B28-C2AA-47F7-8BFF-E9E26BA00EE5}.Debug|Any CPU.Build.0 = Debug|Any CPU
		{58003B28-C2AA-47F7-8BFF-E9E26BA00EE5}.Debug|ARM.ActiveCfg = Debug|ARM
		{58003B28-C2AA-47F7-8BFF-E9E26BA00EE5}.Debug|ARM.Build.0 = Debug|ARM
		{58003B28-C2AA-47F7-8BFF-E9E26BA00EE5}.Debug|x64.ActiveCfg = Debug|x64
		{58003B28-C2AA-47F7-8BFF-E9E26BA00EE5}.Debug|x64.Build.0 = Debug|x64
		{58003B28-C2AA-47F7-8BFF-E9E26BA00EE5}.Debug|x86.ActiveCfg = Debug|x86
		{58003B28-C2AA-47F7-8BFF-E9E26BA00EE5}.Debug|x86.Build.0 = Debug|x86
		{58003B28-C2AA-47F7-8BFF-E9E26BA00EE5}.Release|Any CPU.ActiveCfg = Release|Any CPU
		{58003B28-C2AA-47F7-8BFF-E9E26BA00EE5}.Release|Any CPU.Build.0 = Release|Any CPU
		{58003B28-C2AA-47F7-8BFF-E9E26BA00EE5}.Release|ARM.ActiveCfg = Release|ARM
		{58003B28-C2AA-47F7-8BFF-E9E26BA00EE5}.Release|ARM.Build.0 = Release|ARM
		{58003B28-C2AA-47F7-8BFF-E9E26BA00EE5}.Release|x64.ActiveCfg = Release|x64
		{58003B28-C2AA-47F7-8BFF-E9E26BA00EE5}.Release|x64.Build.0 = Release|x64
		{58003B28-C2AA-47F7-8BFF-E9E26BA00EE5}.Release|x86.ActiveCfg = Release|x86
		{58003B28-C2AA-47F7-8BFF-E9E26BA00EE5}.Release|x86.Build.0 = Release|x86
	EndGlobalSection
	GlobalSection(SolutionProperties) = preSolution
		HideSolutionNode = FALSE
	EndGlobalSection
	GlobalSection(NestedProjects) = preSolution
		{D7EED05C-666C-4B32-A37A-7AECEC6C6ACA} = {FEE6846B-B564-4F10-9DFC-196D15AEBC11}
		{A53F3B75-90C8-449E-9CE7-CDC755EFF868} = {FEE6846B-B564-4F10-9DFC-196D15AEBC11}
		{58003B28-C2AA-47F7-8BFF-E9E26BA00EE5} = {FEE6846B-B564-4F10-9DFC-196D15AEBC11}
	EndGlobalSection
EndGlobal
